
Microsoft Visual Studio Solution File, Format Version 12.00
# Visual Studio Version 18
VisualStudioVersion = 18.0.11205.157 d18.0
MinimumVisualStudioVersion = 10.0.40219.1
Project("{FAE04EC0-301F-11D3-BF4B-00C04F79EFBC}") = "DaviskibaYP", "DaviskibaYP.csproj", "{C891C587-7E95-4D51-893B-A558303EC2ED}"
EndProject
Project("{FAE04EC0-301F-11D3-BF4B-00C04F79EFBC}") = "Domain", "..\Domain\Domain.csproj", "{B5C8CBAE-DE02-7B4C-706D-5B7BB03EEA4F}"
EndProject
Project("{FAE04EC0-301F-11D3-BF4B-00C04F79EFBC}") = "DAL", "..\ClassLibrary3\DAL.csproj", "{7386E0A7-C245-ACFA-D5C7-477A3E9F7E13}"
EndProject
Project("{FAE04EC0-301F-11D3-BF4B-00C04F79EFBC}") = "Services", "..\Services\Services.csproj", "{6383C15B-5AA6-14CC-E6DE-B8C238620A33}"
EndProject
Global
	GlobalSection(SolutionConfigurationPlatforms) = preSolution
		Debug|Any CPU = Debug|Any CPU
		Release|Any CPU = Release|Any CPU
	EndGlobalSection
	GlobalSection(ProjectConfigurationPlatforms) = postSolution
		{C891C587-7E95-4D51-893B-A558303EC2ED}.Debug|Any CPU.ActiveCfg = Debug|Any CPU
		{C891C587-7E95-4D51-893B-A558303EC2ED}.Debug|Any CPU.Build.0 = Debug|Any CPU
		{C891C587-7E95-4D51-893B-A558303EC2ED}.Release|Any CPU.ActiveCfg = Release|Any CPU
		{C891C587-7E95-4D51-893B-A558303EC2ED}.Release|Any CPU.Build.0 = Release|Any CPU
		{B5C8CBAE-DE02-7B4C-706D-5B7BB03EEA4F}.Debug|Any CPU.ActiveCfg = Debug|Any CPU
		{B5C8CBAE-DE02-7B4C-706D-5B7BB03EEA4F}.Debug|Any CPU.Build.0 = Debug|Any CPU
		{B5C8CBAE-DE02-7B4C-706D-5B7BB03EEA4F}.Release|Any CPU.ActiveCfg = Release|Any CPU
		{B5C8CBAE-DE02-7B4C-706D-5B7BB03EEA4F}.Release|Any CPU.Build.0 = Release|Any CPU
		{7386E0A7-C245-ACFA-D5C7-477A3E9F7E13}.Debug|Any CPU.ActiveCfg = Debug|Any CPU
		{7386E0A7-C245-ACFA-D5C7-477A3E9F7E13}.Debug|Any CPU.Build.0 = Debug|Any CPU
		{7386E0A7-C245-ACFA-D5C7-477A3E9F7E13}.Release|Any CPU.ActiveCfg = Release|Any CPU
		{7386E0A7-C245-ACFA-D5C7-477A3E9F7E13}.Release|Any CPU.Build.0 = Release|Any CPU
		{6383C15B-5AA6-14CC-E6DE-B8C238620A33}.Debug|Any CPU.ActiveCfg = Debug|Any CPU
		{6383C15B-5AA6-14CC-E6DE-B8C238620A33}.Debug|Any CPU.Build.0 = Debug|Any CPU
		{6383C15B-5AA6-14CC-E6DE-B8C238620A33}.Release|Any CPU.ActiveCfg = Release|Any CPU
		{6383C15B-5AA6-14CC-E6DE-B8C238620A33}.Release|Any CPU.Build.0 = Release|Any CPU
	EndGlobalSection
	GlobalSection(SolutionProperties) = preSolution
		HideSolutionNode = FALSE
	EndGlobalSection
	GlobalSection(ExtensibilityGlobals) = postSolution
		SolutionGuid = {2534FB65-B302-4AA7-A48E-FC6DDE84640F}
	EndGlobalSection
EndGlobal
